
Microsoft Visual Studio Solution File, Format Version 12.00
# Visual Studio Version 17
VisualStudioVersion = 17.7.34031.279
MinimumVisualStudioVersion = 10.0.40219.1
Project("{9A19103F-16F7-4668-BE54-9A1E7A4F7556}") = "EstacionamentoBackoffice.API", "src\EstacionamentoBackoffice.API\EstacionamentoBackoffice.API.csproj", "{0F12A28E-9FE4-4744-9299-B75D500A8AAB}"
EndProject
Project("{9A19103F-16F7-4668-BE54-9A1E7A4F7556}") = "EstacionamentoBackoffice.Business", "src\EstacionamentoBackoffice.Business\EstacionamentoBackoffice.Business.csproj", "{971B55E3-281E-4D9D-8E38-287D94A409A0}"
EndProject
Project("{9A19103F-16F7-4668-BE54-9A1E7A4F7556}") = "EstacionamentoBackoffice.Data", "src\EstacionamentoBackoffice.Data\EstacionamentoBackoffice.Data.csproj", "{CA0E206D-84BD-413F-97BB-125B08441424}"
EndProject
Project("{2150E333-8FDC-42A3-9474-1A3956D46DE8}") = "Tests", "Tests", "{E97CB238-B6A0-48BD-9CC0-96FCC0B75C21}"
EndProject
Project("{FAE04EC0-301F-11D3-BF4B-00C04F79EFBC}") = "EstacionamentoBackoffice.Application.Tests", "tests\EstacionamentoBackoffice.Application.Tests\EstacionamentoBackoffice.Application.Tests.csproj", "{561F76F9-4E43-4980-BD77-AA27FD0CED94}"
EndProject
Project("{FAE04EC0-301F-11D3-BF4B-00C04F79EFBC}") = "EstacionamentoBackoffice.Domain.Tests", "tests\EstacionamentoBackoffice.Domain.Tests\EstacionamentoBackoffice.Domain.Tests.csproj", "{182D372B-E974-4872-8287-89CEACD39052}"
EndProject
Global
	GlobalSection(SolutionConfigurationPlatforms) = preSolution
		Debug|Any CPU = Debug|Any CPU
		Release|Any CPU = Release|Any CPU
	EndGlobalSection
	GlobalSection(ProjectConfigurationPlatforms) = postSolution
		{0F12A28E-9FE4-4744-9299-B75D500A8AAB}.Debug|Any CPU.ActiveCfg = Debug|Any CPU
		{0F12A28E-9FE4-4744-9299-B75D500A8AAB}.Debug|Any CPU.Build.0 = Debug|Any CPU
		{0F12A28E-9FE4-4744-9299-B75D500A8AAB}.Release|Any CPU.ActiveCfg = Release|Any CPU
		{0F12A28E-9FE4-4744-9299-B75D500A8AAB}.Release|Any CPU.Build.0 = Release|Any CPU
		{971B55E3-281E-4D9D-8E38-287D94A409A0}.Debug|Any CPU.ActiveCfg = Debug|Any CPU
		{971B55E3-281E-4D9D-8E38-287D94A409A0}.Debug|Any CPU.Build.0 = Debug|Any CPU
		{971B55E3-281E-4D9D-8E38-287D94A409A0}.Release|Any CPU.ActiveCfg = Release|Any CPU
		{971B55E3-281E-4D9D-8E38-287D94A409A0}.Release|Any CPU.Build.0 = Release|Any CPU
		{CA0E206D-84BD-413F-97BB-125B08441424}.Debug|Any CPU.ActiveCfg = Debug|Any CPU
		{CA0E206D-84BD-413F-97BB-125B08441424}.Debug|Any CPU.Build.0 = Debug|Any CPU
		{CA0E206D-84BD-413F-97BB-125B08441424}.Release|Any CPU.ActiveCfg = Release|Any CPU
		{CA0E206D-84BD-413F-97BB-125B08441424}.Release|Any CPU.Build.0 = Release|Any CPU
		{561F76F9-4E43-4980-BD77-AA27FD0CED94}.Debug|Any CPU.ActiveCfg = Debug|Any CPU
		{561F76F9-4E43-4980-BD77-AA27FD0CED94}.Debug|Any CPU.Build.0 = Debug|Any CPU
		{561F76F9-4E43-4980-BD77-AA27FD0CED94}.Release|Any CPU.ActiveCfg = Release|Any CPU
		{561F76F9-4E43-4980-BD77-AA27FD0CED94}.Release|Any CPU.Build.0 = Release|Any CPU
		{182D372B-E974-4872-8287-89CEACD39052}.Debug|Any CPU.ActiveCfg = Debug|Any CPU
		{182D372B-E974-4872-8287-89CEACD39052}.Debug|Any CPU.Build.0 = Debug|Any CPU
		{182D372B-E974-4872-8287-89CEACD39052}.Release|Any CPU.ActiveCfg = Release|Any CPU
		{182D372B-E974-4872-8287-89CEACD39052}.Release|Any CPU.Build.0 = Release|Any CPU
	EndGlobalSection
	GlobalSection(SolutionProperties) = preSolution
		HideSolutionNode = FALSE
	EndGlobalSection
	GlobalSection(NestedProjects) = preSolution
		{561F76F9-4E43-4980-BD77-AA27FD0CED94} = {E97CB238-B6A0-48BD-9CC0-96FCC0B75C21}
		{182D372B-E974-4872-8287-89CEACD39052} = {E97CB238-B6A0-48BD-9CC0-96FCC0B75C21}
	EndGlobalSection
	GlobalSection(ExtensibilityGlobals) = postSolution
		SolutionGuid = {1FB38BB1-2CE9-4FC0-969D-F89162835F9C}
	EndGlobalSection
EndGlobal
